// !$*UTF8*$!
{
	archiveVersion = 1;
	classes = {
	};
	objectVersion = 50;
	objects = {

/* Begin PBXBuildFile section */
		1093FE0326F56DC00054FC78 /* AppDelegate.swift in Sources */ = {isa = PBXBuildFile; fileRef = 1093FE0226F56DC00054FC78 /* AppDelegate.swift */; };
		1093FE0526F56DC00054FC78 /* SceneDelegate.swift in Sources */ = {isa = PBXBuildFile; fileRef = 1093FE0426F56DC00054FC78 /* SceneDelegate.swift */; };
		1093FE0726F56DC00054FC78 /* ViewController.swift in Sources */ = {isa = PBXBuildFile; fileRef = 1093FE0626F56DC00054FC78 /* ViewController.swift */; };
		1093FE0A26F56DC00054FC78 /* Main.storyboard in Resources */ = {isa = PBXBuildFile; fileRef = 1093FE0826F56DC00054FC78 /* Main.storyboard */; };
		1093FE0C26F56DC40054FC78 /* Assets.xcassets in Resources */ = {isa = PBXBuildFile; fileRef = 1093FE0B26F56DC40054FC78 /* Assets.xcassets */; };
		1093FE0F26F56DC40054FC78 /* LaunchScreen.storyboard in Resources */ = {isa = PBXBuildFile; fileRef = 1093FE0D26F56DC40054FC78 /* LaunchScreen.storyboard */; };
		1093FE1A26F56DC40054FC78 /* instagramCloneTests.swift in Sources */ = {isa = PBXBuildFile; fileRef = 1093FE1926F56DC40054FC78 /* instagramCloneTests.swift */; };
		1093FE2526F56DC40054FC78 /* instagramCloneUITests.swift in Sources */ = {isa = PBXBuildFile; fileRef = 1093FE2426F56DC40054FC78 /* instagramCloneUITests.swift */; };
		3F53EAAD98FC093A63CC5D1D /* Pods_instagramClone_instagramCloneUITests.framework in Frameworks */ = {isa = PBXBuildFile; fileRef = 433C07176A0A8A9E0FD75F00 /* Pods_instagramClone_instagramCloneUITests.framework */; };
		A31A2A42050856DA3B8A2027 /* Pods_instagramClone.framework in Frameworks */ = {isa = PBXBuildFile; fileRef = 836FF87836DFF02FCBC3F6D8 /* Pods_instagramClone.framework */; };
		A81E3D9EA3E723331DD221F7 /* Pods_instagramCloneTests.framework in Frameworks */ = {isa = PBXBuildFile; fileRef = 652CF21B3F09AC911229C196 /* Pods_instagramCloneTests.framework */; };
/* End PBXBuildFile section */

/* Begin PBXContainerItemProxy section */
		1093FE1626F56DC40054FC78 /* PBXContainerItemProxy */ = {
			isa = PBXContainerItemProxy;
			containerPortal = 1093FDF726F56DC00054FC78 /* Project object */;
			proxyType = 1;
			remoteGlobalIDString = 1093FDFE26F56DC00054FC78;
			remoteInfo = instagramClone;
		};
		1093FE2126F56DC40054FC78 /* PBXContainerItemProxy */ = {
			isa = PBXContainerItemProxy;
			containerPortal = 1093FDF726F56DC00054FC78 /* Project object */;
			proxyType = 1;
			remoteGlobalIDString = 1093FDFE26F56DC00054FC78;
			remoteInfo = instagramClone;
		};
/* End PBXContainerItemProxy section */

/* Begin PBXFileReference section */
		1093FDFF26F56DC00054FC78 /* instagramClone.app */ = {isa = PBXFileReference; explicitFileType = wrapper.application; includeInIndex = 0; path = instagramClone.app; sourceTree = BUILT_PRODUCTS_DIR; };
		1093FE0226F56DC00054FC78 /* AppDelegate.swift */ = {isa = PBXFileReference; lastKnownFileType = sourcecode.swift; path = AppDelegate.swift; sourceTree = "<group>"; };
		1093FE0426F56DC00054FC78 /* SceneDelegate.swift */ = {isa = PBXFileReference; lastKnownFileType = sourcecode.swift; path = SceneDelegate.swift; sourceTree = "<group>"; };
		1093FE0626F56DC00054FC78 /* ViewController.swift */ = {isa = PBXFileReference; lastKnownFileType = sourcecode.swift; path = ViewController.swift; sourceTree = "<group>"; };
		1093FE0926F56DC00054FC78 /* Base */ = {isa = PBXFileReference; lastKnownFileType = file.storyboard; name = Base; path = Base.lproj/Main.storyboard; sourceTree = "<group>"; };
		1093FE0B26F56DC40054FC78 /* Assets.xcassets */ = {isa = PBXFileReference; lastKnownFileType = folder.assetcatalog; path = Assets.xcassets; sourceTree = "<group>"; };
		1093FE0E26F56DC40054FC78 /* Base */ = {isa = PBXFileReference; lastKnownFileType = file.storyboard; name = Base; path = Base.lproj/LaunchScreen.storyboard; sourceTree = "<group>"; };
		1093FE1026F56DC40054FC78 /* Info.plist */ = {isa = PBXFileReference; lastKnownFileType = text.plist.xml; path = Info.plist; sourceTree = "<group>"; };
		1093FE1526F56DC40054FC78 /* instagramCloneTests.xctest */ = {isa = PBXFileReference; explicitFileType = wrapper.cfbundle; includeInIndex = 0; path = instagramCloneTests.xctest; sourceTree = BUILT_PRODUCTS_DIR; };
		1093FE1926F56DC40054FC78 /* instagramCloneTests.swift */ = {isa = PBXFileReference; lastKnownFileType = sourcecode.swift; path = instagramCloneTests.swift; sourceTree = "<group>"; };
		1093FE1B26F56DC40054FC78 /* Info.plist */ = {isa = PBXFileReference; lastKnownFileType = text.plist.xml; path = Info.plist; sourceTree = "<group>"; };
		1093FE2026F56DC40054FC78 /* instagramCloneUITests.xctest */ = {isa = PBXFileReference; explicitFileType = wrapper.cfbundle; includeInIndex = 0; path = instagramCloneUITests.xctest; sourceTree = BUILT_PRODUCTS_DIR; };
		1093FE2426F56DC40054FC78 /* instagramCloneUITests.swift */ = {isa = PBXFileReference; lastKnownFileType = sourcecode.swift; path = instagramCloneUITests.swift; sourceTree = "<group>"; };
		1093FE2626F56DC40054FC78 /* Info.plist */ = {isa = PBXFileReference; lastKnownFileType = text.plist.xml; path = Info.plist; sourceTree = "<group>"; };
		433C07176A0A8A9E0FD75F00 /* Pods_instagramClone_instagramCloneUITests.framework */ = {isa = PBXFileReference; explicitFileType = wrapper.framework; includeInIndex = 0; path = Pods_instagramClone_instagramCloneUITests.framework; sourceTree = BUILT_PRODUCTS_DIR; };
		474DE5587EB0F1679DDA42E5 /* Pods-instagramCloneTests.debug.xcconfig */ = {isa = PBXFileReference; includeInIndex = 1; lastKnownFileType = text.xcconfig; name = "Pods-instagramCloneTests.debug.xcconfig"; path = "Target Support Files/Pods-instagramCloneTests/Pods-instagramCloneTests.debug.xcconfig"; sourceTree = "<group>"; };
		4969EE6419C7DF697EF40686 /* Pods-instagramClone-instagramCloneUITests.debug.xcconfig */ = {isa = PBXFileReference; includeInIndex = 1; lastKnownFileType = text.xcconfig; name = "Pods-instagramClone-instagramCloneUITests.debug.xcconfig"; path = "Target Support Files/Pods-instagramClone-instagramCloneUITests/Pods-instagramClone-instagramCloneUITests.debug.xcconfig"; sourceTree = "<group>"; };
		4C15FFBB24268A7ECB5E06AB /* Pods-instagramClone-instagramCloneUITests.release.xcconfig */ = {isa = PBXFileReference; includeInIndex = 1; lastKnownFileType = text.xcconfig; name = "Pods-instagramClone-instagramCloneUITests.release.xcconfig"; path = "Target Support Files/Pods-instagramClone-instagramCloneUITests/Pods-instagramClone-instagramCloneUITests.release.xcconfig"; sourceTree = "<group>"; };
		5E818228F721DEE84D5526BA /* Pods-instagramCloneTests.release.xcconfig */ = {isa = PBXFileReference; includeInIndex = 1; lastKnownFileType = text.xcconfig; name = "Pods-instagramCloneTests.release.xcconfig"; path = "Target Support Files/Pods-instagramCloneTests/Pods-instagramCloneTests.release.xcconfig"; sourceTree = "<group>"; };
		652CF21B3F09AC911229C196 /* Pods_instagramCloneTests.framework */ = {isa = PBXFileReference; explicitFileType = wrapper.framework; includeInIndex = 0; path = Pods_instagramCloneTests.framework; sourceTree = BUILT_PRODUCTS_DIR; };
		836FF87836DFF02FCBC3F6D8 /* Pods_instagramClone.framework */ = {isa = PBXFileReference; explicitFileType = wrapper.framework; includeInIndex = 0; path = Pods_instagramClone.framework; sourceTree = BUILT_PRODUCTS_DIR; };
		A9205689507108E18F73EE3A /* Pods-instagramClone.debug.xcconfig */ = {isa = PBXFileReference; includeInIndex = 1; lastKnownFileType = text.xcconfig; name = "Pods-instagramClone.debug.xcconfig"; path = "Target Support Files/Pods-instagramClone/Pods-instagramClone.debug.xcconfig"; sourceTree = "<group>"; };
		B88B1F99F125CC1D22598604 /* Pods-instagramClone.release.xcconfig */ = {isa = PBXFileReference; includeInIndex = 1; lastKnownFileType = text.xcconfig; name = "Pods-instagramClone.release.xcconfig"; path = "Target Support Files/Pods-instagramClone/Pods-instagramClone.release.xcconfig"; sourceTree = "<group>"; };
/* End PBXFileReference section */

/* Begin PBXFrameworksBuildPhase section */
		1093FDFC26F56DC00054FC78 /* Frameworks */ = {
			isa = PBXFrameworksBuildPhase;
			buildActionMask = 2147483647;
			files = (
				A31A2A42050856DA3B8A2027 /* Pods_instagramClone.framework in Frameworks */,
			);
			runOnlyForDeploymentPostprocessing = 0;
		};
		1093FE1226F56DC40054FC78 /* Frameworks */ = {
			isa = PBXFrameworksBuildPhase;
			buildActionMask = 2147483647;
			files = (
				A81E3D9EA3E723331DD221F7 /* Pods_instagramCloneTests.framework in Frameworks */,
			);
			runOnlyForDeploymentPostprocessing = 0;
		};
		1093FE1D26F56DC40054FC78 /* Frameworks */ = {
			isa = PBXFrameworksBuildPhase;
			buildActionMask = 2147483647;
			files = (
				3F53EAAD98FC093A63CC5D1D /* Pods_instagramClone_instagramCloneUITests.framework in Frameworks */,
			);
			runOnlyForDeploymentPostprocessing = 0;
		};
/* End PBXFrameworksBuildPhase section */

/* Begin PBXGroup section */
		1093FDF626F56DC00054FC78 = {
			isa = PBXGroup;
			children = (
				1093FE0126F56DC00054FC78 /* instagramClone */,
				1093FE1826F56DC40054FC78 /* instagramCloneTests */,
				1093FE2326F56DC40054FC78 /* instagramCloneUITests */,
				1093FE0026F56DC00054FC78 /* Products */,
				581C03A808276B0FA5C78B87 /* Pods */,
				C59FD10152A4ABEF449F517B /* Frameworks */,
			);
			sourceTree = "<group>";
		};
		1093FE0026F56DC00054FC78 /* Products */ = {
			isa = PBXGroup;
			children = (
				1093FDFF26F56DC00054FC78 /* instagramClone.app */,
				1093FE1526F56DC40054FC78 /* instagramCloneTests.xctest */,
				1093FE2026F56DC40054FC78 /* instagramCloneUITests.xctest */,
			);
			name = Products;
			sourceTree = "<group>";
		};
		1093FE0126F56DC00054FC78 /* instagramClone */ = {
			isa = PBXGroup;
			children = (
				1093FE0226F56DC00054FC78 /* AppDelegate.swift */,
				1093FE0426F56DC00054FC78 /* SceneDelegate.swift */,
				1093FE0626F56DC00054FC78 /* ViewController.swift */,
				1093FE0826F56DC00054FC78 /* Main.storyboard */,
				1093FE0B26F56DC40054FC78 /* Assets.xcassets */,
				1093FE0D26F56DC40054FC78 /* LaunchScreen.storyboard */,
				1093FE1026F56DC40054FC78 /* Info.plist */,
			);
			path = instagramClone;
			sourceTree = "<group>";
		};
		1093FE1826F56DC40054FC78 /* instagramCloneTests */ = {
			isa = PBXGroup;
			children = (
				1093FE1926F56DC40054FC78 /* instagramCloneTests.swift */,
				1093FE1B26F56DC40054FC78 /* Info.plist */,
			);
			path = instagramCloneTests;
			sourceTree = "<group>";
		};
		1093FE2326F56DC40054FC78 /* instagramCloneUITests */ = {
			isa = PBXGroup;
			children = (
				1093FE2426F56DC40054FC78 /* instagramCloneUITests.swift */,
				1093FE2626F56DC40054FC78 /* Info.plist */,
			);
			path = instagramCloneUITests;
			sourceTree = "<group>";
		};
		581C03A808276B0FA5C78B87 /* Pods */ = {
			isa = PBXGroup;
			children = (
				A9205689507108E18F73EE3A /* Pods-instagramClone.debug.xcconfig */,
				B88B1F99F125CC1D22598604 /* Pods-instagramClone.release.xcconfig */,
				4969EE6419C7DF697EF40686 /* Pods-instagramClone-instagramCloneUITests.debug.xcconfig */,
				4C15FFBB24268A7ECB5E06AB /* Pods-instagramClone-instagramCloneUITests.release.xcconfig */,
				474DE5587EB0F1679DDA42E5 /* Pods-instagramCloneTests.debug.xcconfig */,
				5E818228F721DEE84D5526BA /* Pods-instagramCloneTests.release.xcconfig */,
			);
			name = Pods;
			path = Pods;
			sourceTree = "<group>";
		};
		C59FD10152A4ABEF449F517B /* Frameworks */ = {
			isa = PBXGroup;
			children = (
				836FF87836DFF02FCBC3F6D8 /* Pods_instagramClone.framework */,
				433C07176A0A8A9E0FD75F00 /* Pods_instagramClone_instagramCloneUITests.framework */,
				652CF21B3F09AC911229C196 /* Pods_instagramCloneTests.framework */,
			);
			name = Frameworks;
			sourceTree = "<group>";
		};
/* End PBXGroup section */

/* Begin PBXNativeTarget section */
		1093FDFE26F56DC00054FC78 /* instagramClone */ = {
			isa = PBXNativeTarget;
			buildConfigurationList = 1093FE2926F56DC40054FC78 /* Build configuration list for PBXNativeTarget "instagramClone" */;
			buildPhases = (
				E6F215EA3A1E4B4C99BBBC8B /* [CP] Check Pods Manifest.lock */,
				1093FDFB26F56DC00054FC78 /* Sources */,
				1093FDFC26F56DC00054FC78 /* Frameworks */,
				1093FDFD26F56DC00054FC78 /* Resources */,
				A180D55FE136550673414ABC /* [CP] Embed Pods Frameworks */,
			);
			buildRules = (
			);
			dependencies = (
			);
			name = instagramClone;
			productName = instagramClone;
			productReference = 1093FDFF26F56DC00054FC78 /* instagramClone.app */;
			productType = "com.apple.product-type.application";
		};
		1093FE1426F56DC40054FC78 /* instagramCloneTests */ = {
			isa = PBXNativeTarget;
			buildConfigurationList = 1093FE2C26F56DC40054FC78 /* Build configuration list for PBXNativeTarget "instagramCloneTests" */;
			buildPhases = (
				AA43851C2D672410D7174FCB /* [CP] Check Pods Manifest.lock */,
				1093FE1126F56DC40054FC78 /* Sources */,
				1093FE1226F56DC40054FC78 /* Frameworks */,
				1093FE1326F56DC40054FC78 /* Resources */,
			);
			buildRules = (
			);
			dependencies = (
				1093FE1726F56DC40054FC78 /* PBXTargetDependency */,
			);
			name = instagramCloneTests;
			productName = instagramCloneTests;
			productReference = 1093FE1526F56DC40054FC78 /* instagramCloneTests.xctest */;
			productType = "com.apple.product-type.bundle.unit-test";
		};
		1093FE1F26F56DC40054FC78 /* instagramCloneUITests */ = {
			isa = PBXNativeTarget;
			buildConfigurationList = 1093FE2F26F56DC40054FC78 /* Build configuration list for PBXNativeTarget "instagramCloneUITests" */;
			buildPhases = (
				4AE46136DD642381B80AE3FE /* [CP] Check Pods Manifest.lock */,
				1093FE1C26F56DC40054FC78 /* Sources */,
				1093FE1D26F56DC40054FC78 /* Frameworks */,
				1093FE1E26F56DC40054FC78 /* Resources */,
				F6BD9F468696B22BF3D22B2C /* [CP] Embed Pods Frameworks */,
			);
			buildRules = (
			);
			dependencies = (
				1093FE2226F56DC40054FC78 /* PBXTargetDependency */,
			);
			name = instagramCloneUITests;
			productName = instagramCloneUITests;
			productReference = 1093FE2026F56DC40054FC78 /* instagramCloneUITests.xctest */;
			productType = "com.apple.product-type.bundle.ui-testing";
		};
/* End PBXNativeTarget section */

/* Begin PBXProject section */
		1093FDF726F56DC00054FC78 /* Project object */ = {
			isa = PBXProject;
			attributes = {
				LastSwiftUpdateCheck = 1250;
				LastUpgradeCheck = 1250;
				TargetAttributes = {
					1093FDFE26F56DC00054FC78 = {
						CreatedOnToolsVersion = 12.5.1;
					};
					1093FE1426F56DC40054FC78 = {
						CreatedOnToolsVersion = 12.5.1;
						TestTargetID = 1093FDFE26F56DC00054FC78;
					};
					1093FE1F26F56DC40054FC78 = {
						CreatedOnToolsVersion = 12.5.1;
						TestTargetID = 1093FDFE26F56DC00054FC78;
					};
				};
			};
			buildConfigurationList = 1093FDFA26F56DC00054FC78 /* Build configuration list for PBXProject "instagramClone" */;
			compatibilityVersion = "Xcode 9.3";
			developmentRegion = en;
			hasScannedForEncodings = 0;
			knownRegions = (
				en,
				Base,
			);
			mainGroup = 1093FDF626F56DC00054FC78;
			productRefGroup = 1093FE0026F56DC00054FC78 /* Products */;
			projectDirPath = "";
			projectRoot = "";
			targets = (
				1093FDFE26F56DC00054FC78 /* instagramClone */,
				1093FE1426F56DC40054FC78 /* instagramCloneTests */,
				1093FE1F26F56DC40054FC78 /* instagramCloneUITests */,
			);
		};
/* End PBXProject section */

/* Begin PBXResourcesBuildPhase section */
		1093FDFD26F56DC00054FC78 /* Resources */ = {
			isa = PBXResourcesBuildPhase;
			buildActionMask = 2147483647;
			files = (
				1093FE0F26F56DC40054FC78 /* LaunchScreen.storyboard in Resources */,
				1093FE0C26F56DC40054FC78 /* Assets.xcassets in Resources */,
				1093FE0A26F56DC00054FC78 /* Main.storyboard in Resources */,
			);
			runOnlyForDeploymentPostprocessing = 0;
		};
		1093FE1326F56DC40054FC78 /* Resources */ = {
			isa = PBXResourcesBuildPhase;
			buildActionMask = 2147483647;
			files = (
			);
			runOnlyForDeploymentPostprocessing = 0;
		};
		1093FE1E26F56DC40054FC78 /* Resources */ = {
			isa = PBXResourcesBuildPhase;
			buildActionMask = 2147483647;
			files = (
			);
			runOnlyForDeploymentPostprocessing = 0;
		};
/* End PBXResourcesBuildPhase section */

/* Begin PBXShellScriptBuildPhase section */
		4AE46136DD642381B80AE3FE /* [CP] Check Pods Manifest.lock */ = {
			isa = PBXShellScriptBuildPhase;
			buildActionMask = 2147483647;
			files = (
			);
			inputFileListPaths = (
			);
			inputPaths = (
				"${PODS_PODFILE_DIR_PATH}/Podfile.lock",
				"${PODS_ROOT}/Manifest.lock",
			);
			name = "[CP] Check Pods Manifest.lock";
			outputFileListPaths = (
			);
			outputPaths = (
				"$(DERIVED_FILE_DIR)/Pods-instagramClone-instagramCloneUITests-checkManifestLockResult.txt",
			);
			runOnlyForDeploymentPostprocessing = 0;
			shellPath = /bin/sh;
			shellScript = "diff \"${PODS_PODFILE_DIR_PATH}/Podfile.lock\" \"${PODS_ROOT}/Manifest.lock\" > /dev/null\nif [ $? != 0 ] ; then\n    # print error to STDERR\n    echo \"error: The sandbox is not in sync with the Podfile.lock. Run 'pod install' or update your CocoaPods installation.\" >&2\n    exit 1\nfi\n# This output is used by Xcode 'outputs' to avoid re-running this script phase.\necho \"SUCCESS\" > \"${SCRIPT_OUTPUT_FILE_0}\"\n";
			showEnvVarsInLog = 0;
		};
		A180D55FE136550673414ABC /* [CP] Embed Pods Frameworks */ = {
			isa = PBXShellScriptBuildPhase;
			buildActionMask = 2147483647;
			files = (
			);
			inputFileListPaths = (
				"${PODS_ROOT}/Target Support Files/Pods-instagramClone/Pods-instagramClone-frameworks-${CONFIGURATION}-input-files.xcfilelist",
			);
			name = "[CP] Embed Pods Frameworks";
			outputFileListPaths = (
				"${PODS_ROOT}/Target Support Files/Pods-instagramClone/Pods-instagramClone-frameworks-${CONFIGURATION}-output-files.xcfilelist",
			);
			runOnlyForDeploymentPostprocessing = 0;
			shellPath = /bin/sh;
			shellScript = "\"${PODS_ROOT}/Target Support Files/Pods-instagramClone/Pods-instagramClone-frameworks.sh\"\n";
			showEnvVarsInLog = 0;
		};
		AA43851C2D672410D7174FCB /* [CP] Check Pods Manifest.lock */ = {
			isa = PBXShellScriptBuildPhase;
			buildActionMask = 2147483647;
			files = (
			);
			inputFileListPaths = (
			);
			inputPaths = (
				"${PODS_PODFILE_DIR_PATH}/Podfile.lock",
				"${PODS_ROOT}/Manifest.lock",
			);
			name = "[CP] Check Pods Manifest.lock";
			outputFileListPaths = (
			);
			outputPaths = (
				"$(DERIVED_FILE_DIR)/Pods-instagramCloneTests-checkManifestLockResult.txt",
			);
			runOnlyForDeploymentPostprocessing = 0;
			shellPath = /bin/sh;
			shellScript = "diff \"${PODS_PODFILE_DIR_PATH}/Podfile.lock\" \"${PODS_ROOT}/Manifest.lock\" > /dev/null\nif [ $? != 0 ] ; then\n    # print error to STDERR\n    echo \"error: The sandbox is not in sync with the Podfile.lock. Run 'pod install' or update your CocoaPods installation.\" >&2\n    exit 1\nfi\n# This output is used by Xcode 'outputs' to avoid re-running this script phase.\necho \"SUCCESS\" > \"${SCRIPT_OUTPUT_FILE_0}\"\n";
			showEnvVarsInLog = 0;
		};
		E6F215EA3A1E4B4C99BBBC8B /* [CP] Check Pods Manifest.lock */ = {
			isa = PBXShellScriptBuildPhase;
			buildActionMask = 2147483647;
			files = (
			);
			inputFileListPaths = (
			);
			inputPaths = (
				"${PODS_PODFILE_DIR_PATH}/Podfile.lock",
				"${PODS_ROOT}/Manifest.lock",
			);
			name = "[CP] Check Pods Manifest.lock";
			outputFileListPaths = (
			);
			outputPaths = (
				"$(DERIVED_FILE_DIR)/Pods-instagramClone-checkManifestLockResult.txt",
			);
			runOnlyForDeploymentPostprocessing = 0;
			shellPath = /bin/sh;
			shellScript = "diff \"${PODS_PODFILE_DIR_PATH}/Podfile.lock\" \"${PODS_ROOT}/Manifest.lock\" > /dev/null\nif [ $? != 0 ] ; then\n    # print error to STDERR\n    echo \"error: The sandbox is not in sync with the Podfile.lock. Run 'pod install' or update your CocoaPods installation.\" >&2\n    exit 1\nfi\n# This output is used by Xcode 'outputs' to avoid re-running this script phase.\necho \"SUCCESS\" > \"${SCRIPT_OUTPUT_FILE_0}\"\n";
			showEnvVarsInLog = 0;
		};
		F6BD9F468696B22BF3D22B2C /* [CP] Embed Pods Frameworks */ = {
			isa = PBXShellScriptBuildPhase;
			buildActionMask = 2147483647;
			files = (
			);
			inputFileListPaths = (
				"${PODS_ROOT}/Target Support Files/Pods-instagramClone-instagramCloneUITests/Pods-instagramClone-instagramCloneUITests-frameworks-${CONFIGURATION}-input-files.xcfilelist",
			);
			name = "[CP] Embed Pods Frameworks";
			outputFileListPaths = (
				"${PODS_ROOT}/Target Support Files/Pods-instagramClone-instagramCloneUITests/Pods-instagramClone-instagramCloneUITests-frameworks-${CONFIGURATION}-output-files.xcfilelist",
			);
			runOnlyForDeploymentPostprocessing = 0;
			shellPath = /bin/sh;
			shellScript = "\"${PODS_ROOT}/Target Support Files/Pods-instagramClone-instagramCloneUITests/Pods-instagramClone-instagramCloneUITests-frameworks.sh\"\n";
			showEnvVarsInLog = 0;
		};
/* End PBXShellScriptBuildPhase section */

/* Begin PBXSourcesBuildPhase section */
		1093FDFB26F56DC00054FC78 /* Sources */ = {
			isa = PBXSourcesBuildPhase;
			buildActionMask = 2147483647;
			files = (
				1093FE0726F56DC00054FC78 /* ViewController.swift in Sources */,
				1093FE0326F56DC00054FC78 /* AppDelegate.swift in Sources */,
				1093FE0526F56DC00054FC78 /* SceneDelegate.swift in Sources */,
			);
			runOnlyForDeploymentPostprocessing = 0;
		};
		1093FE1126F56DC40054FC78 /* Sources */ = {
			isa = PBXSourcesBuildPhase;
			buildActionMask = 2147483647;
			files = (
				1093FE1A26F56DC40054FC78 /* instagramCloneTests.swift in Sources */,
			);
			runOnlyForDeploymentPostprocessing = 0;
		};
		1093FE1C26F56DC40054FC78 /* Sources */ = {
			isa = PBXSourcesBuildPhase;
			buildActionMask = 2147483647;
			files = (
				1093FE2526F56DC40054FC78 /* instagramCloneUITests.swift in Sources */,
			);
			runOnlyForDeploymentPostprocessing = 0;
		};
/* End PBXSourcesBuildPhase section */

/* Begin PBXTargetDependency section */
		1093FE1726F56DC40054FC78 /* PBXTargetDependency */ = {
			isa = PBXTargetDependency;
			target = 1093FDFE26F56DC00054FC78 /* instagramClone */;
			targetProxy = 1093FE1626F56DC40054FC78 /* PBXContainerItemProxy */;
		};
		1093FE2226F56DC40054FC78 /* PBXTargetDependency */ = {
			isa = PBXTargetDependency;
			target = 1093FDFE26F56DC00054FC78 /* instagramClone */;
			targetProxy = 1093FE2126F56DC40054FC78 /* PBXContainerItemProxy */;
		};
/* End PBXTargetDependency section */

/* Begin PBXVariantGroup section */
		1093FE0826F56DC00054FC78 /* Main.storyboard */ = {
			isa = PBXVariantGroup;
			children = (
				1093FE0926F56DC00054FC78 /* Base */,
			);
			name = Main.storyboard;
			sourceTree = "<group>";
		};
		1093FE0D26F56DC40054FC78 /* LaunchScreen.storyboard */ = {
			isa = PBXVariantGroup;
			children = (
				1093FE0E26F56DC40054FC78 /* Base */,
			);
			name = LaunchScreen.storyboard;
			sourceTree = "<group>";
		};
/* End PBXVariantGroup section */

/* Begin XCBuildConfiguration section */
		1093FE2726F56DC40054FC78 /* Debug */ = {
			isa = XCBuildConfiguration;
			buildSettings = {
				ALWAYS_SEARCH_USER_PATHS = NO;
				CLANG_ANALYZER_NONNULL = YES;
				CLANG_ANALYZER_NUMBER_OBJECT_CONVERSION = YES_AGGRESSIVE;
				CLANG_CXX_LANGUAGE_STANDARD = "gnu++14";
				CLANG_CXX_LIBRARY = "libc++";
				CLANG_ENABLE_MODULES = YES;
				CLANG_ENABLE_OBJC_ARC = YES;
				CLANG_ENABLE_OBJC_WEAK = YES;
				CLANG_WARN_BLOCK_CAPTURE_AUTORELEASING = YES;
				CLANG_WARN_BOOL_CONVERSION = YES;
				CLANG_WARN_COMMA = YES;
				CLANG_WARN_CONSTANT_CONVERSION = YES;
				CLANG_WARN_DEPRECATED_OBJC_IMPLEMENTATIONS = YES;
				CLANG_WARN_DIRECT_OBJC_ISA_USAGE = YES_ERROR;
				CLANG_WARN_DOCUMENTATION_COMMENTS = YES;
				CLANG_WARN_EMPTY_BODY = YES;
				CLANG_WARN_ENUM_CONVERSION = YES;
				CLANG_WARN_INFINITE_RECURSION = YES;
				CLANG_WARN_INT_CONVERSION = YES;
				CLANG_WARN_NON_LITERAL_NULL_CONVERSION = YES;
				CLANG_WARN_OBJC_IMPLICIT_RETAIN_SELF = YES;
				CLANG_WARN_OBJC_LITERAL_CONVERSION = YES;
				CLANG_WARN_OBJC_ROOT_CLASS = YES_ERROR;
				CLANG_WARN_QUOTED_INCLUDE_IN_FRAMEWORK_HEADER = YES;
				CLANG_WARN_RANGE_LOOP_ANALYSIS = YES;
				CLANG_WARN_STRICT_PROTOTYPES = YES;
				CLANG_WARN_SUSPICIOUS_MOVE = YES;
				CLANG_WARN_UNGUARDED_AVAILABILITY = YES_AGGRESSIVE;
				CLANG_WARN_UNREACHABLE_CODE = YES;
				CLANG_WARN__DUPLICATE_METHOD_MATCH = YES;
				COPY_PHASE_STRIP = NO;
				DEBUG_INFORMATION_FORMAT = dwarf;
				ENABLE_STRICT_OBJC_MSGSEND = YES;
				ENABLE_TESTABILITY = YES;
				GCC_C_LANGUAGE_STANDARD = gnu11;
				GCC_DYNAMIC_NO_PIC = NO;
				GCC_NO_COMMON_BLOCKS = YES;
				GCC_OPTIMIZATION_LEVEL = 0;
				GCC_PREPROCESSOR_DEFINITIONS = (
					"DEBUG=1",
					"$(inherited)",
				);
				GCC_WARN_64_TO_32_BIT_CONVERSION = YES;
				GCC_WARN_ABOUT_RETURN_TYPE = YES_ERROR;
				GCC_WARN_UNDECLARED_SELECTOR = YES;
				GCC_WARN_UNINITIALIZED_AUTOS = YES_AGGRESSIVE;
				GCC_WARN_UNUSED_FUNCTION = YES;
				GCC_WARN_UNUSED_VARIABLE = YES;
				IPHONEOS_DEPLOYMENT_TARGET = 14.5;
				MTL_ENABLE_DEBUG_INFO = INCLUDE_SOURCE;
				MTL_FAST_MATH = YES;
				ONLY_ACTIVE_ARCH = YES;
				SDKROOT = iphoneos;
				SWIFT_ACTIVE_COMPILATION_CONDITIONS = DEBUG;
				SWIFT_OPTIMIZATION_LEVEL = "-Onone";
			};
			name = Debug;
		};
		1093FE2826F56DC40054FC78 /* Release */ = {
			isa = XCBuildConfiguration;
			buildSettings = {
				ALWAYS_SEARCH_USER_PATHS = NO;
				CLANG_ANALYZER_NONNULL = YES;
				CLANG_ANALYZER_NUMBER_OBJECT_CONVERSION = YES_AGGRESSIVE;
				CLANG_CXX_LANGUAGE_STANDARD = "gnu++14";
				CLANG_CXX_LIBRARY = "libc++";
				CLANG_ENABLE_MODULES = YES;
				CLANG_ENABLE_OBJC_ARC = YES;
				CLANG_ENABLE_OBJC_WEAK = YES;
				CLANG_WARN_BLOCK_CAPTURE_AUTORELEASING = YES;
				CLANG_WARN_BOOL_CONVERSION = YES;
				CLANG_WARN_COMMA = YES;
				CLANG_WARN_CONSTANT_CONVERSION = YES;
				CLANG_WARN_DEPRECATED_OBJC_IMPLEMENTATIONS = YES;
				CLANG_WARN_DIRECT_OBJC_ISA_USAGE = YES_ERROR;
				CLANG_WARN_DOCUMENTATION_COMMENTS = YES;
				CLANG_WARN_EMPTY_BODY = YES;
				CLANG_WARN_ENUM_CONVERSION = YES;
				CLANG_WARN_INFINITE_RECURSION = YES;
				CLANG_WARN_INT_CONVERSION = YES;
				CLANG_WARN_NON_LITERAL_NULL_CONVERSION = YES;
				CLANG_WARN_OBJC_IMPLICIT_RETAIN_SELF = YES;
				CLANG_WARN_OBJC_LITERAL_CONVERSION = YES;
				CLANG_WARN_OBJC_ROOT_CLASS = YES_ERROR;
				CLANG_WARN_QUOTED_INCLUDE_IN_FRAMEWORK_HEADER = YES;
				CLANG_WARN_RANGE_LOOP_ANALYSIS = YES;
				CLANG_WARN_STRICT_PROTOTYPES = YES;
				CLANG_WARN_SUSPICIOUS_MOVE = YES;
				CLANG_WARN_UNGUARDED_AVAILABILITY = YES_AGGRESSIVE;
				CLANG_WARN_UNREACHABLE_CODE = YES;
				CLANG_WARN__DUPLICATE_METHOD_MATCH = YES;
				COPY_PHASE_STRIP = NO;
				DEBUG_INFORMATION_FORMAT = "dwarf-with-dsym";
				ENABLE_NS_ASSERTIONS = NO;
				ENABLE_STRICT_OBJC_MSGSEND = YES;
				GCC_C_LANGUAGE_STANDARD = gnu11;
				GCC_NO_COMMON_BLOCKS = YES;
				GCC_WARN_64_TO_32_BIT_CONVERSION = YES;
				GCC_WARN_ABOUT_RETURN_TYPE = YES_ERROR;
				GCC_WARN_UNDECLARED_SELECTOR = YES;
				GCC_WARN_UNINITIALIZED_AUTOS = YES_AGGRESSIVE;
				GCC_WARN_UNUSED_FUNCTION = YES;
				GCC_WARN_UNUSED_VARIABLE = YES;
				IPHONEOS_DEPLOYMENT_TARGET = 14.5;
				MTL_ENABLE_DEBUG_INFO = NO;
				MTL_FAST_MATH = YES;
				SDKROOT = iphoneos;
				SWIFT_COMPILATION_MODE = wholemodule;
				SWIFT_OPTIMIZATION_LEVEL = "-O";
				VALIDATE_PRODUCT = YES;
			};
			name = Release;
		};
		1093FE2A26F56DC40054FC78 /* Debug */ = {
			isa = XCBuildConfiguration;
			baseConfigurationReference = A9205689507108E18F73EE3A /* Pods-instagramClone.debug.xcconfig */;
			buildSettings = {
				ASSETCATALOG_COMPILER_APPICON_NAME = AppIcon;
				ASSETCATALOG_COMPILER_GLOBAL_ACCENT_COLOR_NAME = AccentColor;
				CODE_SIGN_STYLE = Automatic;
				DEVELOPMENT_TEAM = N2M2K2MSUF;
				INFOPLIST_FILE = instagramClone/Info.plist;
				LD_RUNPATH_SEARCH_PATHS = (
					"$(inherited)",
					"@executable_path/Frameworks",
				);
				PRODUCT_BUNDLE_IDENTIFIER = com.fernando.instagramClone;
				PRODUCT_NAME = "$(TARGET_NAME)";
				SWIFT_VERSION = 5.0;
				TARGETED_DEVICE_FAMILY = "1,2";
			};
			name = Debug;
		};
		1093FE2B26F56DC40054FC78 /* Release */ = {
			isa = XCBuildConfiguration;
			baseConfigurationReference = B88B1F99F125CC1D22598604 /* Pods-instagramClone.release.xcconfig */;
			buildSettings = {
				ASSETCATALOG_COMPILER_APPICON_NAME = AppIcon;
				ASSETCATALOG_COMPILER_GLOBAL_ACCENT_COLOR_NAME = AccentColor;
				CODE_SIGN_STYLE = Automatic;
				DEVELOPMENT_TEAM = N2M2K2MSUF;
				INFOPLIST_FILE = instagramClone/Info.plist;
				LD_RUNPATH_SEARCH_PATHS = (
					"$(inherited)",
					"@executable_path/Frameworks",
				);
				PRODUCT_BUNDLE_IDENTIFIER = com.fernando.instagramClone;
				PRODUCT_NAME = "$(TARGET_NAME)";
				SWIFT_VERSION = 5.0;
				TARGETED_DEVICE_FAMILY = "1,2";
			};
			name = Release;
		};
		1093FE2D26F56DC40054FC78 /* Debug */ = {
			isa = XCBuildConfiguration;
			baseConfigurationReference = 474DE5587EB0F1679DDA42E5 /* Pods-instagramCloneTests.debug.xcconfig */;
			buildSettings = {
				ALWAYS_EMBED_SWIFT_STANDARD_LIBRARIES = YES;
				BUNDLE_LOADER = "$(TEST_HOST)";
				CODE_SIGN_STYLE = Automatic;
				DEVELOPMENT_TEAM = N2M2K2MSUF;
				INFOPLIST_FILE = instagramCloneTests/Info.plist;
				IPHONEOS_DEPLOYMENT_TARGET = 14.5;
				LD_RUNPATH_SEARCH_PATHS = (
					"$(inherited)",
					"@executable_path/Frameworks",
					"@loader_path/Frameworks",
				);
				PRODUCT_BUNDLE_IDENTIFIER = com.fernando.instagramCloneTests;
				PRODUCT_NAME = "$(TARGET_NAME)";
				SWIFT_VERSION = 5.0;
				TARGETED_DEVICE_FAMILY = "1,2";
				TEST_HOST = "$(BUILT_PRODUCTS_DIR)/instagramClone.app/instagramClone";
			};
			name = Debug;
		};
		1093FE2E26F56DC40054FC78 /* Release */ = {
			isa = XCBuildConfiguration;
			baseConfigurationReference = 5E818228F721DEE84D5526BA /* Pods-instagramCloneTests.release.xcconfig */;
			buildSettings = {
				ALWAYS_EMBED_SWIFT_STANDARD_LIBRARIES = YES;
				BUNDLE_LOADER = "$(TEST_HOST)";
				CODE_SIGN_STYLE = Automatic;
				DEVELOPMENT_TEAM = N2M2K2MSUF;
				INFOPLIST_FILE = instagramCloneTests/Info.plist;
				IPHONEOS_DEPLOYMENT_TARGET = 14.5;
				LD_RUNPATH_SEARCH_PATHS = (
					"$(inherited)",
					"@executable_path/Frameworks",
					"@loader_path/Frameworks",
				);
				PRODUCT_BUNDLE_IDENTIFIER = com.fernando.instagramCloneTests;
				PRODUCT_NAME = "$(TARGET_NAME)";
				SWIFT_VERSION = 5.0;
				TARGETED_DEVICE_FAMILY = "1,2";
				TEST_HOST = "$(BUILT_PRODUCTS_DIR)/instagramClone.app/instagramClone";
			};
			name = Release;
		};
		1093FE3026F56DC40054FC78 /* Debug */ = {
			isa = XCBuildConfiguration;
			baseConfigurationReference = 4969EE6419C7DF697EF40686 /* Pods-instagramClone-instagramCloneUITests.debug.xcconfig */;
			buildSettings = {
				ALWAYS_EMBED_SWIFT_STANDARD_LIBRARIES = YES;
				CODE_SIGN_STYLE = Automatic;
				DEVELOPMENT_TEAM = N2M2K2MSUF;
				INFOPLIST_FILE = instagramCloneUITests/Info.plist;
				LD_RUNPATH_SEARCH_PATHS = (
					"$(inherited)",
					"@executable_path/Frameworks",
					"@loader_path/Frameworks",
				);
				PRODUCT_BUNDLE_IDENTIFIER = com.fernando.instagramCloneUITests;
				PRODUCT_NAME = "$(TARGET_NAME)";
				SWIFT_VERSION = 5.0;
				TARGETED_DEVICE_FAMILY = "1,2";
				TEST_TARGET_NAME = instagramClone;
			};
			name = Debug;
		};
		1093FE3126F56DC40054FC78 /* Release */ = {
			isa = XCBuildConfiguration;
			baseConfigurationReference = 4C15FFBB24268A7ECB5E06AB /* Pods-instagramClone-instagramCloneUITests.release.xcconfig */;
			buildSettings = {
				ALWAYS_EMBED_SWIFT_STANDARD_LIBRARIES = YES;
				CODE_SIGN_STYLE = Automatic;
				DEVELOPMENT_TEAM = N2M2K2MSUF;
				INFOPLIST_FILE = instagramCloneUITests/Info.plist;
				LD_RUNPATH_SEARCH_PATHS = (
					"$(inherited)",
					"@executable_path/Frameworks",
					"@loader_path/Frameworks",
				);
				PRODUCT_BUNDLE_IDENTIFIER = com.fernando.instagramCloneUITests;
				PRODUCT_NAME = "$(TARGET_NAME)";
				SWIFT_VERSION = 5.0;
				TARGETED_DEVICE_FAMILY = "1,2";
				TEST_TARGET_NAME = instagramClone;
			};
			name = Release;
		};
/* End XCBuildConfiguration section */

/* Begin XCConfigurationList section */
		1093FDFA26F56DC00054FC78 /* Build configuration list for PBXProject "instagramClone" */ = {
			isa = XCConfigurationList;
			buildConfigurations = (
				1093FE2726F56DC40054FC78 /* Debug */,
				1093FE2826F56DC40054FC78 /* Release */,
			);
			defaultConfigurationIsVisible = 0;
			defaultConfigurationName = Release;
		};
		1093FE2926F56DC40054FC78 /* Build configuration list for PBXNativeTarget "instagramClone" */ = {
			isa = XCConfigurationList;
			buildConfigurations = (
				1093FE2A26F56DC40054FC78 /* Debug */,
				1093FE2B26F56DC40054FC78 /* Release */,
			);
			defaultConfigurationIsVisible = 0;
			defaultConfigurationName = Release;
		};
		1093FE2C26F56DC40054FC78 /* Build configuration list for PBXNativeTarget "instagramCloneTests" */ = {
			isa = XCConfigurationList;
			buildConfigurations = (
				1093FE2D26F56DC40054FC78 /* Debug */,
				1093FE2E26F56DC40054FC78 /* Release */,
			);
			defaultConfigurationIsVisible = 0;
			defaultConfigurationName = Release;
		};
		1093FE2F26F56DC40054FC78 /* Build configuration list for PBXNativeTarget "instagramCloneUITests" */ = {
			isa = XCConfigurationList;
			buildConfigurations = (
				1093FE3026F56DC40054FC78 /* Debug */,
				1093FE3126F56DC40054FC78 /* Release */,
			);
			defaultConfigurationIsVisible = 0;
			defaultConfigurationName = Release;
		};
/* End XCConfigurationList section */
	};
	rootObject = 1093FDF726F56DC00054FC78 /* Project object */;
}
